
Microsoft Visual Studio Solution File, Format Version 12.00
# Visual Studio Version 17
VisualStudioVersion = 17.4.33213.308
MinimumVisualStudioVersion = 10.0.40219.1
Project("{FAE04EC0-301F-11D3-BF4B-00C04F79EFBC}") = "LeetCodeProblems", "LeetCodeProblems\LeetCodeProblems.csproj", "{DC52DCB1-E4F9-4EDF-9D08-538AA4941FD9}"
EndProject
Project("{FAE04EC0-301F-11D3-BF4B-00C04F79EFBC}") = "LeetCodeProblemsTests", "LeetCodeProblemsTests\LeetCodeProblemsTests.csproj", "{30B5C8B4-FBB2-49BA-A7A3-C553C79005A3}"
EndProject
Global
	GlobalSection(SolutionConfigurationPlatforms) = preSolution
		Debug|Any CPU = Debug|Any CPU
		Release|Any CPU = Release|Any CPU
	EndGlobalSection
	GlobalSection(ProjectConfigurationPlatforms) = postSolution
		{DC52DCB1-E4F9-4EDF-9D08-538AA4941FD9}.Debug|Any CPU.ActiveCfg = Debug|Any CPU
		{DC52DCB1-E4F9-4EDF-9D08-538AA4941FD9}.Debug|Any CPU.Build.0 = Debug|Any CPU
		{DC52DCB1-E4F9-4EDF-9D08-538AA4941FD9}.Release|Any CPU.ActiveCfg = Release|Any CPU
		{DC52DCB1-E4F9-4EDF-9D08-538AA4941FD9}.Release|Any CPU.Build.0 = Release|Any CPU
		{30B5C8B4-FBB2-49BA-A7A3-C553C79005A3}.Debug|Any CPU.ActiveCfg = Debug|Any CPU
		{30B5C8B4-FBB2-49BA-A7A3-C553C79005A3}.Debug|Any CPU.Build.0 = Debug|Any CPU
		{30B5C8B4-FBB2-49BA-A7A3-C553C79005A3}.Release|Any CPU.ActiveCfg = Release|Any CPU
		{30B5C8B4-FBB2-49BA-A7A3-C553C79005A3}.Release|Any CPU.Build.0 = Release|Any CPU
	EndGlobalSection
	GlobalSection(SolutionProperties) = preSolution
		HideSolutionNode = FALSE
	EndGlobalSection
	GlobalSection(ExtensibilityGlobals) = postSolution
		SolutionGuid = {9CE297C2-E298-456A-B2F2-4C553762FA1A}
	EndGlobalSection
EndGlobal
